
Microsoft Visual Studio Solution File, Format Version 12.00
# Visual Studio Version 16
VisualStudioVersion = 16.0.31025.194
MinimumVisualStudioVersion = 10.0.40219.1
Project("{FAE04EC0-301F-11D3-BF4B-00C04F79EFBC}") = "PhoneSpamBlock", "PhoneSpamBlock\PhoneSpamBlock.csproj", "{839EB9E1-5717-4634-A0D7-5C6B8BE290B1}"
EndProject
Project("{54435603-DBB4-11D2-8724-00A0C9A8B90C}") = "PhoneSpamBlockSetup", "PhoneSpamBlockSetup\PhoneSpamBlockSetup.vdproj", "{EAB47D54-1637-4211-80E5-E777204F0395}"
EndProject
Project("{FAE04EC0-301F-11D3-BF4B-00C04F79EFBC}") = "sipdotnet", "sipdotnet-master\sipdotnet.csproj", "{BCB250F8-F74C-4768-8833-0F13FC8659B8}"
EndProject
Project("{FAE04EC0-301F-11D3-BF4B-00C04F79EFBC}") = "PhonebotService", "PhonebotService\PhonebotService\PhonebotService.csproj", "{56267761-0001-4B22-9B14-05ED57D054DD}"
EndProject
Project("{54435603-DBB4-11D2-8724-00A0C9A8B90C}") = "PhoneSpamBlockServiceSetup", "PhoneSpamBlockServiceSetup\PhoneSpamBlockServiceSetup.vdproj", "{1BD9E53E-055C-41F5-B990-4E6DD3B71591}"
EndProject
Project("{FAE04EC0-301F-11D3-BF4B-00C04F79EFBC}") = "CallManager", "CallManager\CallManager.csproj", "{DF471487-E868-4121-804E-DAEA0D7F2FDF}"
EndProject
Global
	GlobalSection(SolutionConfigurationPlatforms) = preSolution
		Debug|Any CPU = Debug|Any CPU
		Release|Any CPU = Release|Any CPU
	EndGlobalSection
	GlobalSection(ProjectConfigurationPlatforms) = postSolution
		{839EB9E1-5717-4634-A0D7-5C6B8BE290B1}.Debug|Any CPU.ActiveCfg = Debug|Any CPU
		{839EB9E1-5717-4634-A0D7-5C6B8BE290B1}.Debug|Any CPU.Build.0 = Debug|Any CPU
		{839EB9E1-5717-4634-A0D7-5C6B8BE290B1}.Release|Any CPU.ActiveCfg = Release|Any CPU
		{839EB9E1-5717-4634-A0D7-5C6B8BE290B1}.Release|Any CPU.Build.0 = Release|Any CPU
		{EAB47D54-1637-4211-80E5-E777204F0395}.Debug|Any CPU.ActiveCfg = Debug
		{EAB47D54-1637-4211-80E5-E777204F0395}.Release|Any CPU.ActiveCfg = Release
		{BCB250F8-F74C-4768-8833-0F13FC8659B8}.Debug|Any CPU.ActiveCfg = Debug|Any CPU
		{BCB250F8-F74C-4768-8833-0F13FC8659B8}.Debug|Any CPU.Build.0 = Debug|Any CPU
		{BCB250F8-F74C-4768-8833-0F13FC8659B8}.Release|Any CPU.ActiveCfg = Release|Any CPU
		{BCB250F8-F74C-4768-8833-0F13FC8659B8}.Release|Any CPU.Build.0 = Release|Any CPU
		{56267761-0001-4B22-9B14-05ED57D054DD}.Debug|Any CPU.ActiveCfg = Debug|Any CPU
		{56267761-0001-4B22-9B14-05ED57D054DD}.Debug|Any CPU.Build.0 = Debug|Any CPU
		{56267761-0001-4B22-9B14-05ED57D054DD}.Release|Any CPU.ActiveCfg = Release|Any CPU
		{56267761-0001-4B22-9B14-05ED57D054DD}.Release|Any CPU.Build.0 = Release|Any CPU
		{1BD9E53E-055C-41F5-B990-4E6DD3B71591}.Debug|Any CPU.ActiveCfg = Debug
		{1BD9E53E-055C-41F5-B990-4E6DD3B71591}.Release|Any CPU.ActiveCfg = Release
		{DF471487-E868-4121-804E-DAEA0D7F2FDF}.Debug|Any CPU.ActiveCfg = Debug|Any CPU
		{DF471487-E868-4121-804E-DAEA0D7F2FDF}.Debug|Any CPU.Build.0 = Debug|Any CPU
		{DF471487-E868-4121-804E-DAEA0D7F2FDF}.Release|Any CPU.ActiveCfg = Release|Any CPU
		{DF471487-E868-4121-804E-DAEA0D7F2FDF}.Release|Any CPU.Build.0 = Release|Any CPU
	EndGlobalSection
	GlobalSection(SolutionProperties) = preSolution
		HideSolutionNode = FALSE
	EndGlobalSection
	GlobalSection(ExtensibilityGlobals) = postSolution
		SolutionGuid = {115E8AE3-AEC7-4684-9085-0475F6EF8D6D}
	EndGlobalSection
EndGlobal
