
Microsoft Visual Studio Solution File, Format Version 12.00
# Visual Studio Version 16
VisualStudioVersion = 16.0.31025.194
MinimumVisualStudioVersion = 10.0.40219.1
Project("{FAE04EC0-301F-11D3-BF4B-00C04F79EFBC}") = "PhonebotService", "PhonebotService\PhonebotService.csproj", "{56267761-0001-4B22-9B14-05ED57D054DD}"
EndProject
Global
	GlobalSection(SolutionConfigurationPlatforms) = preSolution
		Debug|Any CPU = Debug|Any CPU
		Release|Any CPU = Release|Any CPU
	EndGlobalSection
	GlobalSection(ProjectConfigurationPlatforms) = postSolution
		{56267761-0001-4B22-9B14-05ED57D054DD}.Debug|Any CPU.ActiveCfg = Debug|Any CPU
		{56267761-0001-4B22-9B14-05ED57D054DD}.Debug|Any CPU.Build.0 = Debug|Any CPU
		{56267761-0001-4B22-9B14-05ED57D054DD}.Release|Any CPU.ActiveCfg = Release|Any CPU
		{56267761-0001-4B22-9B14-05ED57D054DD}.Release|Any CPU.Build.0 = Release|Any CPU
	EndGlobalSection
	GlobalSection(SolutionProperties) = preSolution
		HideSolutionNode = FALSE
	EndGlobalSection
	GlobalSection(ExtensibilityGlobals) = postSolution
		SolutionGuid = {4155167D-3A87-40C0-A0CA-56CC82584536}
	EndGlobalSection
EndGlobal
